# This file is autogenerated, do not edit; changes may be undone by the next 'dep ensure'.


[[projects]]
  branch = "master"
  name = "github.com/BrandonWade/contact"
  packages = ["."]
  revision = "7e30331ceee36237a4e7ed9967e598de1d92038a"

[[projects]]
  name = "github.com/gorilla/websocket"
  packages = ["."]
  revision = "ea4d1f681babbce9545c9c5f3d5194a789c89f5b"
  version = "v1.2.0"

[[projects]]
  name = "github.com/joho/godotenv"
  packages = ["."]
  revision = "a79fa1e548e2c689c241d10173efd51e5d689d5b"
  version = "v1.2.0"

[solve-meta]
  analyzer-name = "dep"
  analyzer-version = 1
  inputs-digest = "24bd5085fdb6329d7c037a6ba8bd0b3639e51ca2af8c3437465bbfbac1de5a46"
  solver-name = "gps-cdcl"
  solver-version = 1
