# This file is autogenerated, do not edit; changes may be undone by the next 'dep ensure'.


[[projects]]
  branch = "master"
  name = "github.com/BrandonWade/contact"
  packages = ["."]
  revision = "074eedcba2efb62732edf7c47a84134fa2f93bf9"

[[projects]]
  branch = "master"
  name = "github.com/BrandonWade/synth"
  packages = ["."]
  revision = "96d1f16956c7cb50e44de24d9ae135b7aa5ea665"

[[projects]]
  name = "github.com/gorilla/websocket"
  packages = ["."]
  revision = "ea4d1f681babbce9545c9c5f3d5194a789c89f5b"
  version = "v1.2.0"

[[projects]]
  name = "github.com/joho/godotenv"
  packages = ["."]
  revision = "a79fa1e548e2c689c241d10173efd51e5d689d5b"
  version = "v1.2.0"

[solve-meta]
  analyzer-name = "dep"
  analyzer-version = 1
  inputs-digest = "5027b80d22ed09cfd3766179b7926499bc491c3ab167054cc8891da0df421107"
  solver-name = "gps-cdcl"
  solver-version = 1
